
Microsoft Visual Studio Solution File, Format Version 12.00
# Visual Studio Version 17
VisualStudioVersion = 17.3.32825.248
MinimumVisualStudioVersion = 10.0.40219.1
Project("{FAE04EC0-301F-11D3-BF4B-00C04F79EFBC}") = "Constructor", "Constructor\Constructor.csproj", "{6BB8E958-43E8-456B-83E8-5F9D29C8481C}"
EndProject
Global
	GlobalSection(SolutionConfigurationPlatforms) = preSolution
		Debug|Any CPU = Debug|Any CPU
		Release|Any CPU = Release|Any CPU
	EndGlobalSection
	GlobalSection(ProjectConfigurationPlatforms) = postSolution
		{6BB8E958-43E8-456B-83E8-5F9D29C8481C}.Debug|Any CPU.ActiveCfg = Debug|Any CPU
		{6BB8E958-43E8-456B-83E8-5F9D29C8481C}.Debug|Any CPU.Build.0 = Debug|Any CPU
		{6BB8E958-43E8-456B-83E8-5F9D29C8481C}.Release|Any CPU.ActiveCfg = Release|Any CPU
		{6BB8E958-43E8-456B-83E8-5F9D29C8481C}.Release|Any CPU.Build.0 = Release|Any CPU
	EndGlobalSection
	GlobalSection(SolutionProperties) = preSolution
		HideSolutionNode = FALSE
	EndGlobalSection
	GlobalSection(ExtensibilityGlobals) = postSolution
		SolutionGuid = {916722FD-A66A-4585-82AD-05D4DE370288}
	EndGlobalSection
EndGlobal
